{
    "_readme": [
        "This file locks the dependencies of your project to a known state",
        "Read more about it at https://getcomposer.org/doc/01-basic-usage.md#composer-lock-the-lock-file",
        "This file is @generated automatically"
    ],
    "hash": "b3b7b3754f4783408628598c7a0507b6",
    "content-hash": "d7b3feb3479e923887f6d7d943e8dc86",
    "packages": [
        {
            "name": "johnynsk/i3-phpbar-common",
            "version": "v1.0",
            "source": {
                "type": "git",
                "url": "https://github.com/johnynsk/i3-phpbar-common.git",
                "reference": "18e7441107a9c69aaab25220bede750204f01831"
            },
            "dist": {
                "type": "zip",
                "url": "https://api.github.com/repos/johnynsk/i3-phpbar-common/zipball/18e7441107a9c69aaab25220bede750204f01831",
                "reference": "18e7441107a9c69aaab25220bede750204f01831",
                "shasum": ""
            },
            "require": {
                "pimple/pimple": "~3.0"
            },
            "type": "library",
            "autoload": {
                "psr-0": {
                    "Sensor": "src"
                }
            },
            "license": [
                "proprietary"
            ],
            "authors": [
                {
                    "name": "Evgeniy Vasilev",
                    "email": "github+dev@evgeniyvasilev.ru",
                    "role": "Developer"
                }
            ],
            "description": "common utilities for i3-phpbar sensors",
            "keywords": [
                "i3-phpbar"
            ],
            "support": {
                "email": "github+dev@evgeniyvasilev.ru",
                "source": "https://github.com/johnynsk/i3-phpbar-common/tree/v1.0",
                "issues": "https://github.com/johnynsk/i3-phpbar-common/issues"
            },
            "time": "2016-12-02 03:14:00"
        },
        {
            "name": "pimple/pimple",
            "version": "v3.0.2",
            "source": {
                "type": "git",
                "url": "https://github.com/silexphp/Pimple.git",
                "reference": "a30f7d6e57565a2e1a316e1baf2a483f788b258a"
            },
            "dist": {
                "type": "zip",
                "url": "https://api.github.com/repos/silexphp/Pimple/zipball/a30f7d6e57565a2e1a316e1baf2a483f788b258a",
                "reference": "a30f7d6e57565a2e1a316e1baf2a483f788b258a",
                "shasum": ""
            },
            "require": {
                "php": ">=5.3.0"
            },
            "type": "library",
            "extra": {
                "branch-alias": {
                    "dev-master": "3.0.x-dev"
                }
            },
            "autoload": {
                "psr-0": {
                    "Pimple": "src/"
                }
            },
            "notification-url": "https://packagist.org/downloads/",
            "license": [
                "MIT"
            ],
            "authors": [
                {
                    "name": "Fabien Potencier",
                    "email": "fabien@symfony.com"
                }
            ],
            "description": "Pimple, a simple Dependency Injection Container",
            "homepage": "http://pimple.sensiolabs.org",
            "keywords": [
                "container",
                "dependency injection"
            ],
            "time": "2015-09-11 15:10:35"
        }
    ],
    "packages-dev": [],
    "aliases": [],
    "minimum-stability": "stable",
    "stability-flags": [],
    "prefer-stable": false,
    "prefer-lowest": false,
    "platform": [],
    "platform-dev": []
}
